
Microsoft Visual Studio Solution File, Format Version 12.00
# Visual Studio 15
VisualStudioVersion = 15.0.28307.102
MinimumVisualStudioVersion = 10.0.40219.1
Project("{FAE04EC0-301F-11D3-BF4B-00C04F79EFBC}") = "FileManageAndBackupBot", "FileManageAndBackupBot\FileManageAndBackupBot.csproj", "{55B96959-21CA-4BE6-A07B-04632871C13C}"
EndProject
Global
	GlobalSection(SolutionConfigurationPlatforms) = preSolution
		Debug|Any CPU = Debug|Any CPU
		Release|Any CPU = Release|Any CPU
	EndGlobalSection
	GlobalSection(ProjectConfigurationPlatforms) = postSolution
		{55B96959-21CA-4BE6-A07B-04632871C13C}.Debug|Any CPU.ActiveCfg = Debug|Any CPU
		{55B96959-21CA-4BE6-A07B-04632871C13C}.Debug|Any CPU.Build.0 = Debug|Any CPU
		{55B96959-21CA-4BE6-A07B-04632871C13C}.Release|Any CPU.ActiveCfg = Release|Any CPU
		{55B96959-21CA-4BE6-A07B-04632871C13C}.Release|Any CPU.Build.0 = Release|Any CPU
	EndGlobalSection
	GlobalSection(SolutionProperties) = preSolution
		HideSolutionNode = FALSE
	EndGlobalSection
	GlobalSection(ExtensibilityGlobals) = postSolution
		SolutionGuid = {7411EC86-BFC3-48D3-9E34-1F5ACAF53E5C}
	EndGlobalSection
EndGlobal
