
Microsoft Visual Studio Solution File, Format Version 12.00
# Visual Studio 15
VisualStudioVersion = 15.0.28307.102
MinimumVisualStudioVersion = 10.0.40219.1
Project("{9A19103F-16F7-4668-BE54-9A1E7A4F7556}") = "JDPDO.Mittuntur", "Mittuntur\JDPDO.Mittuntur.csproj", "{1338641B-D2EE-43CF-B6F9-ECAD71F5C54F}"
EndProject
Project("{9A19103F-16F7-4668-BE54-9A1E7A4F7556}") = "JDPDO.Mittuntur.UI", "Mittuntur.UI\JDPDO.Mittuntur.UI.csproj", "{C8D417DD-1C04-4FA3-84FC-E4ED2EDCCB54}"
EndProject
Global
	GlobalSection(SolutionConfigurationPlatforms) = preSolution
		Debug|Any CPU = Debug|Any CPU
		Release|Any CPU = Release|Any CPU
	EndGlobalSection
	GlobalSection(ProjectConfigurationPlatforms) = postSolution
		{1338641B-D2EE-43CF-B6F9-ECAD71F5C54F}.Debug|Any CPU.ActiveCfg = Debug|Any CPU
		{1338641B-D2EE-43CF-B6F9-ECAD71F5C54F}.Debug|Any CPU.Build.0 = Debug|Any CPU
		{1338641B-D2EE-43CF-B6F9-ECAD71F5C54F}.Release|Any CPU.ActiveCfg = Release|Any CPU
		{1338641B-D2EE-43CF-B6F9-ECAD71F5C54F}.Release|Any CPU.Build.0 = Release|Any CPU
		{C8D417DD-1C04-4FA3-84FC-E4ED2EDCCB54}.Debug|Any CPU.ActiveCfg = Debug|Any CPU
		{C8D417DD-1C04-4FA3-84FC-E4ED2EDCCB54}.Debug|Any CPU.Build.0 = Debug|Any CPU
		{C8D417DD-1C04-4FA3-84FC-E4ED2EDCCB54}.Release|Any CPU.ActiveCfg = Release|Any CPU
		{C8D417DD-1C04-4FA3-84FC-E4ED2EDCCB54}.Release|Any CPU.Build.0 = Release|Any CPU
	EndGlobalSection
	GlobalSection(SolutionProperties) = preSolution
		HideSolutionNode = FALSE
	EndGlobalSection
	GlobalSection(ExtensibilityGlobals) = postSolution
		SolutionGuid = {7411EC86-BFC3-48D3-9E34-1F5ACAF53E5C}
	EndGlobalSection
EndGlobal
